
Microsoft Visual Studio Solution File, Format Version 12.00
Project("{FAE04EC0-301F-11D3-BF4B-00C04F79EFBC}") = "P3R.ModLib", "P3R.ModLib\P3R.ModLib.csproj", "{C66A320F-19D1-49E7-B091-6E30CBB501E3}"
EndProject
Global
	GlobalSection(SolutionConfigurationPlatforms) = preSolution
		Debug|Any CPU = Debug|Any CPU
		Release|Any CPU = Release|Any CPU
	EndGlobalSection
	GlobalSection(ProjectConfigurationPlatforms) = postSolution
		{C66A320F-19D1-49E7-B091-6E30CBB501E3}.Debug|Any CPU.ActiveCfg = Debug|Any CPU
		{C66A320F-19D1-49E7-B091-6E30CBB501E3}.Debug|Any CPU.Build.0 = Debug|Any CPU
		{C66A320F-19D1-49E7-B091-6E30CBB501E3}.Release|Any CPU.ActiveCfg = Release|Any CPU
		{C66A320F-19D1-49E7-B091-6E30CBB501E3}.Release|Any CPU.Build.0 = Release|Any CPU
	EndGlobalSection
EndGlobal
